<Solution>
  <Project Path="Application/Application.csproj" Id="04105880-05fa-4bad-a1ae-7f4049ca0ec0" />
  <Project Path="Domain/Domain.csproj" Id="61e0f0df-90b8-4b3b-b230-018d6f63c70d" />
  <Project Path="Infrastructure/Infrastructure.csproj" Id="18220d08-d92d-4dc9-b35f-3e8fafedd22b" />
  <Project Path="Persistence/Persistence.csproj" Id="260aa4fe-381b-4dfb-bab5-b1a919e92c87" />
  <Project Path="Presentation/Presentation.csproj" Id="c2931a9f-e504-4ec1-9077-17f839b9fbf1" />
</Solution>
